
Microsoft Visual Studio Solution File, Format Version 12.00
# Visual Studio Version 16
VisualStudioVersion = 25.0.1705.4
MinimumVisualStudioVersion = 10.0.40219.1
Project("{FAE04EC0-301F-11D3-BF4B-00C04F79EFBC}") = "Azure.Tenant.Automation", "Azure.Tenant.Automation\Azure.Tenant.Automation.csproj", "{44CB6657-44AB-4E08-B3B4-62C6C174FA25}"
EndProject
Global
	GlobalSection(SolutionConfigurationPlatforms) = preSolution
		Debug|Any CPU = Debug|Any CPU
		Release|Any CPU = Release|Any CPU
	EndGlobalSection
	GlobalSection(ProjectConfigurationPlatforms) = postSolution
		{44CB6657-44AB-4E08-B3B4-62C6C174FA25}.Debug|Any CPU.ActiveCfg = Debug|Any CPU
		{44CB6657-44AB-4E08-B3B4-62C6C174FA25}.Debug|Any CPU.Build.0 = Debug|Any CPU
		{44CB6657-44AB-4E08-B3B4-62C6C174FA25}.Release|Any CPU.ActiveCfg = Release|Any CPU
		{44CB6657-44AB-4E08-B3B4-62C6C174FA25}.Release|Any CPU.Build.0 = Release|Any CPU
	EndGlobalSection
	GlobalSection(SolutionProperties) = preSolution
		HideSolutionNode = FALSE
	EndGlobalSection
	GlobalSection(ExtensibilityGlobals) = postSolution
		SolutionGuid = {D261ADD3-A021-4AE2-911A-4D2E953E9B0D}
	EndGlobalSection
EndGlobal
